{
  "requires": true,
  "lockfileVersion": 1,
  "dependencies": {
    "@material/animation": {
      "version": "0.39.0",
      "resolved": "https://registry.npmjs.org/@material/animation/-/animation-0.39.0.tgz",
      "integrity": "sha512-f3BGCba0GdYY+eGFnK0L08HLyljgEyBvMLoJoutP225IpvzsLLTqumL/796nFCsouWn6E3G+8BUVjAtzTjU2lA=="
    },
    "@material/base": {
      "version": "0.39.0",
      "resolved": "https://registry.npmjs.org/@material/base/-/base-0.39.0.tgz",
      "integrity": "sha512-B+vMqnOR2JU2dzv/5UPKQUAZAj739pMkJkt3Zy7sJaQnw3j8wTKxiUMUhd9ZHaPx1FBlUNMn2PwOq8YZIn0svA=="
    },
    "@material/elevation": {
      "version": "0.39.1",
      "resolved": "https://registry.npmjs.org/@material/elevation/-/elevation-0.39.1.tgz",
      "integrity": "sha512-ir0lqwpkXhJxUQ6KdCTsM2wZze3Oc54knUMbCUnitOWzIRBvlXUO0zlpld5pj3Mb6ApESA6BiaJb4JfEZmX2MA==",
      "requires": {
        "@material/animation": "^0.39.0",
        "@material/theme": "^0.39.1"
      }
    },
    "@material/ripple": {
      "version": "0.39.1",
      "resolved": "https://registry.npmjs.org/@material/ripple/-/ripple-0.39.1.tgz",
      "integrity": "sha512-iyL9XR6+7e0093/60rl9tA0P+KyZzzZsdQaN6nz4R08bpkCXgujrIZm1E2riksZDk0zsq3upWxStMsZ29vlVVQ==",
      "requires": {
        "@material/animation": "^0.39.0",
        "@material/base": "^0.39.0",
        "@material/theme": "^0.39.1"
      }
    },
    "@material/rtl": {
      "version": "0.39.1",
      "resolved": "https://registry.npmjs.org/@material/rtl/-/rtl-0.39.1.tgz",
      "integrity": "sha512-6RcXv6tQladbl+SboEHUykiDAz7dE5DjBuLNV0KD7yEUCcUV41WXZ5e4oUd1nDWnK0vHzFtNM7D6BGMPZ2T3zA=="
    },
    "@material/selection-control": {
      "version": "0.39.1",
      "resolved": "https://registry.npmjs.org/@material/selection-control/-/selection-control-0.39.1.tgz",
      "integrity": "sha512-yC1ZWELC4jdbvSHE4+oDcgoHmSgLYdtMrvcCGfEaOfwMKdsehAlT2KfEfwARXA1gpBmnb4rjtkXgZq7XU9c4uQ==",
      "requires": {
        "@material/ripple": "^0.39.1"
      }
    },
    "@material/switch": {
      "version": "0.39.1",
      "resolved": "https://registry.npmjs.org/@material/switch/-/switch-0.39.1.tgz",
      "integrity": "sha512-MtYEkg9Yeu38UzzzWUQeQU8ry4/BRMXQgwqaJ5UH7k+Efe6rq+JoF5mtwpjZS3hv7uT6rY4O8GVVRrpSSY2K6A==",
      "requires": {
        "@material/animation": "^0.39.0",
        "@material/base": "^0.39.0",
        "@material/elevation": "^0.39.1",
        "@material/ripple": "^0.39.1",
        "@material/rtl": "^0.39.1",
        "@material/selection-control": "^0.39.1",
        "@material/theme": "^0.39.1"
      }
    },
    "@material/theme": {
      "version": "0.39.1",
      "resolved": "https://registry.npmjs.org/@material/theme/-/theme-0.39.1.tgz",
      "integrity": "sha512-c7xjzzHdF4kBl66VJfATBAV9cwD/6TOyVPOWiK5rPxmu9g7uEAe1HmupqJRR1pMFCPX2w85gfvIsxh79EU6YJA=="
    }
  }
}
